{
  "name": "cc2145a2fe1558fa",
  "lockfileVersion": 3,
  "requires": true,
  "packages": {
    "": {
      "dependencies": {
        "create-next-app": "^15.4.5"
      }
    },
    "node_modules/create-next-app": {
      "version": "15.4.5",
      "resolved": "https://registry.npmjs.org/create-next-app/-/create-next-app-15.4.5.tgz",
      "integrity": "sha512-9nzfpkvmwHa4OWDnIc/ExgqW0rM3bUrjxeg9TzpIXhgumE1jKXbSvFm1roVow/AVSnFSSo4GGP7OikyIYK0lTg==",
      "license": "MIT",
      "bin": {
        "create-next-app": "dist/index.js"
      },
      "engines": {
        "node": ">=18.18.0"
      }
    }
  }
}
